// !$*UTF8*$!
{
	archiveVersion = 1;
	classes = {
	};
	objectVersion = 51;
	objects = {

/* Begin PBXBuildFile section */
		49846BA69A9A66628F91BFB3 /* Pods_ChetverochkaTests.framework in Frameworks */ = {isa = PBXBuildFile; fileRef = DE8B77199BA3ED0440E705A1 /* Pods_ChetverochkaTests.framework */; };
		B701345B1267CDD1B55E337E /* Pods_Chetverochka_ChetverochkaUITests.framework in Frameworks */ = {isa = PBXBuildFile; fileRef = 150BE6E486756B7ACF9472C8 /* Pods_Chetverochka_ChetverochkaUITests.framework */; };
		E085CFB4276FFFA200E81699 /* Category.swift in Sources */ = {isa = PBXBuildFile; fileRef = E085CFB3276FFFA100E81699 /* Category.swift */; };
		E085CFC2277001DD00E81699 /* Constants.swift in Sources */ = {isa = PBXBuildFile; fileRef = E085CFC1277001DD00E81699 /* Constants.swift */; };
		E085CFCA2770447B00E81699 /* ItemsTableViewController.swift in Sources */ = {isa = PBXBuildFile; fileRef = E085CFC92770447B00E81699 /* ItemsTableViewController.swift */; };
		E085CFCF2770477400E81699 /* Item.swift in Sources */ = {isa = PBXBuildFile; fileRef = E085CFCE2770477400E81699 /* Item.swift */; };
		E0B9FA772754671300374579 /* AppDelegate.swift in Sources */ = {isa = PBXBuildFile; fileRef = E0B9FA762754671300374579 /* AppDelegate.swift */; };
		E0B9FA792754671300374579 /* SceneDelegate.swift in Sources */ = {isa = PBXBuildFile; fileRef = E0B9FA782754671300374579 /* SceneDelegate.swift */; };
		E0B9FA7E2754671300374579 /* Main.storyboard in Resources */ = {isa = PBXBuildFile; fileRef = E0B9FA7C2754671300374579 /* Main.storyboard */; };
		E0B9FA802754674700374579 /* Assets.xcassets in Resources */ = {isa = PBXBuildFile; fileRef = E0B9FA7F2754674700374579 /* Assets.xcassets */; };
		E0B9FA832754674700374579 /* LaunchScreen.storyboard in Resources */ = {isa = PBXBuildFile; fileRef = E0B9FA812754674700374579 /* LaunchScreen.storyboard */; };
		E0E10D84276FD5EC00D1F46C /* CategoryCollectionViewController.swift in Sources */ = {isa = PBXBuildFile; fileRef = E0E10D83276FD5EC00D1F46C /* CategoryCollectionViewController.swift */; };
		E0E10D89276FD71000D1F46C /* CategoryCollectionViewCell.swift in Sources */ = {isa = PBXBuildFile; fileRef = E0E10D88276FD71000D1F46C /* CategoryCollectionViewCell.swift */; };
		E0E10D91276FDD7D00D1F46C /* GoogleService-Info.plist in Resources */ = {isa = PBXBuildFile; fileRef = E0E10D90276FDD7D00D1F46C /* GoogleService-Info.plist */; };
		E0E10DB5276FF06300D1F46C /* FirebaseCollectionReference.swift in Sources */ = {isa = PBXBuildFile; fileRef = E0E10DB4276FF06300D1F46C /* FirebaseCollectionReference.swift */; };
		E6E60DB27F1D66BE1D901A2B /* Pods_Chetverochka.framework in Frameworks */ = {isa = PBXBuildFile; fileRef = 427C63279ABDA1A4C88868D5 /* Pods_Chetverochka.framework */; };
/* End PBXBuildFile section */

/* Begin PBXContainerItemProxy section */
		E0B9FA8A2754674900374579 /* PBXContainerItemProxy */ = {
			isa = PBXContainerItemProxy;
			containerPortal = E0B9FA6B2754671300374579 /* Project object */;
			proxyType = 1;
			remoteGlobalIDString = E0B9FA722754671300374579;
			remoteInfo = Chetverochka;
		};
		E0B9FA952754674900374579 /* PBXContainerItemProxy */ = {
			isa = PBXContainerItemProxy;
			containerPortal = E0B9FA6B2754671300374579 /* Project object */;
			proxyType = 1;
			remoteGlobalIDString = E0B9FA722754671300374579;
			remoteInfo = Chetverochka;
		};
/* End PBXContainerItemProxy section */

/* Begin PBXFileReference section */
		150BE6E486756B7ACF9472C8 /* Pods_Chetverochka_ChetverochkaUITests.framework */ = {isa = PBXFileReference; explicitFileType = wrapper.framework; includeInIndex = 0; path = Pods_Chetverochka_ChetverochkaUITests.framework; sourceTree = BUILT_PRODUCTS_DIR; };
		3C6893C5EAE7FC45DAE44E1D /* Pods-Chetverochka.release.xcconfig */ = {isa = PBXFileReference; includeInIndex = 1; lastKnownFileType = text.xcconfig; name = "Pods-Chetverochka.release.xcconfig"; path = "Target Support Files/Pods-Chetverochka/Pods-Chetverochka.release.xcconfig"; sourceTree = "<group>"; };
		427C63279ABDA1A4C88868D5 /* Pods_Chetverochka.framework */ = {isa = PBXFileReference; explicitFileType = wrapper.framework; includeInIndex = 0; path = Pods_Chetverochka.framework; sourceTree = BUILT_PRODUCTS_DIR; };
		733953846287889575D505EC /* Pods-Chetverochka-ChetverochkaUITests.debug.xcconfig */ = {isa = PBXFileReference; includeInIndex = 1; lastKnownFileType = text.xcconfig; name = "Pods-Chetverochka-ChetverochkaUITests.debug.xcconfig"; path = "Target Support Files/Pods-Chetverochka-ChetverochkaUITests/Pods-Chetverochka-ChetverochkaUITests.debug.xcconfig"; sourceTree = "<group>"; };
		9E35F5819A17F0F6FAD78A23 /* Pods-Chetverochka-ChetverochkaUITests.release.xcconfig */ = {isa = PBXFileReference; includeInIndex = 1; lastKnownFileType = text.xcconfig; name = "Pods-Chetverochka-ChetverochkaUITests.release.xcconfig"; path = "Target Support Files/Pods-Chetverochka-ChetverochkaUITests/Pods-Chetverochka-ChetverochkaUITests.release.xcconfig"; sourceTree = "<group>"; };
		A2577D7B1D19B23294D961A0 /* Pods-ChetverochkaTests.release.xcconfig */ = {isa = PBXFileReference; includeInIndex = 1; lastKnownFileType = text.xcconfig; name = "Pods-ChetverochkaTests.release.xcconfig"; path = "Target Support Files/Pods-ChetverochkaTests/Pods-ChetverochkaTests.release.xcconfig"; sourceTree = "<group>"; };
		AA97EFA79AA0FCE5507E495E /* Pods-ChetverochkaTests.debug.xcconfig */ = {isa = PBXFileReference; includeInIndex = 1; lastKnownFileType = text.xcconfig; name = "Pods-ChetverochkaTests.debug.xcconfig"; path = "Target Support Files/Pods-ChetverochkaTests/Pods-ChetverochkaTests.debug.xcconfig"; sourceTree = "<group>"; };
		DC1F189B209E81E236C8070A /* Pods-Chetverochka.debug.xcconfig */ = {isa = PBXFileReference; includeInIndex = 1; lastKnownFileType = text.xcconfig; name = "Pods-Chetverochka.debug.xcconfig"; path = "Target Support Files/Pods-Chetverochka/Pods-Chetverochka.debug.xcconfig"; sourceTree = "<group>"; };
		DE8B77199BA3ED0440E705A1 /* Pods_ChetverochkaTests.framework */ = {isa = PBXFileReference; explicitFileType = wrapper.framework; includeInIndex = 0; path = Pods_ChetverochkaTests.framework; sourceTree = BUILT_PRODUCTS_DIR; };
		E085CFB3276FFFA100E81699 /* Category.swift */ = {isa = PBXFileReference; lastKnownFileType = sourcecode.swift; path = Category.swift; sourceTree = "<group>"; };
		E085CFC1277001DD00E81699 /* Constants.swift */ = {isa = PBXFileReference; lastKnownFileType = sourcecode.swift; path = Constants.swift; sourceTree = "<group>"; };
		E085CFC92770447B00E81699 /* ItemsTableViewController.swift */ = {isa = PBXFileReference; lastKnownFileType = sourcecode.swift; path = ItemsTableViewController.swift; sourceTree = "<group>"; };
		E085CFCE2770477400E81699 /* Item.swift */ = {isa = PBXFileReference; lastKnownFileType = sourcecode.swift; path = Item.swift; sourceTree = "<group>"; };
		E0B9FA732754671300374579 /* Chetverochka.app */ = {isa = PBXFileReference; explicitFileType = wrapper.application; includeInIndex = 0; path = Chetverochka.app; sourceTree = BUILT_PRODUCTS_DIR; };
		E0B9FA762754671300374579 /* AppDelegate.swift */ = {isa = PBXFileReference; lastKnownFileType = sourcecode.swift; path = AppDelegate.swift; sourceTree = "<group>"; };
		E0B9FA782754671300374579 /* SceneDelegate.swift */ = {isa = PBXFileReference; lastKnownFileType = sourcecode.swift; path = SceneDelegate.swift; sourceTree = "<group>"; };
		E0B9FA7D2754671300374579 /* Base */ = {isa = PBXFileReference; lastKnownFileType = file.storyboard; name = Base; path = Base.lproj/Main.storyboard; sourceTree = "<group>"; };
		E0B9FA7F2754674700374579 /* Assets.xcassets */ = {isa = PBXFileReference; lastKnownFileType = folder.assetcatalog; path = Assets.xcassets; sourceTree = "<group>"; };
		E0B9FA822754674700374579 /* Base */ = {isa = PBXFileReference; lastKnownFileType = file.storyboard; name = Base; path = Base.lproj/LaunchScreen.storyboard; sourceTree = "<group>"; };
		E0B9FA892754674900374579 /* ChetverochkaTests.xctest */ = {isa = PBXFileReference; explicitFileType = wrapper.cfbundle; includeInIndex = 0; path = ChetverochkaTests.xctest; sourceTree = BUILT_PRODUCTS_DIR; };
		E0B9FA942754674900374579 /* ChetverochkaUITests.xctest */ = {isa = PBXFileReference; explicitFileType = wrapper.cfbundle; includeInIndex = 0; path = ChetverochkaUITests.xctest; sourceTree = BUILT_PRODUCTS_DIR; };
		E0E10D83276FD5EC00D1F46C /* CategoryCollectionViewController.swift */ = {isa = PBXFileReference; lastKnownFileType = sourcecode.swift; path = CategoryCollectionViewController.swift; sourceTree = "<group>"; };
		E0E10D88276FD71000D1F46C /* CategoryCollectionViewCell.swift */ = {isa = PBXFileReference; lastKnownFileType = sourcecode.swift; path = CategoryCollectionViewCell.swift; sourceTree = "<group>"; };
		E0E10D90276FDD7D00D1F46C /* GoogleService-Info.plist */ = {isa = PBXFileReference; fileEncoding = 4; lastKnownFileType = text.plist.xml; name = "GoogleService-Info.plist"; path = "../../../../../../../var/folders/6w/qvz685bn7nd29qf_154zgf6c0000gp/T/ru.keepcoder.Telegram/GoogleService-Info.plist"; sourceTree = "<group>"; };
		E0E10D95276FDD9100D1F46C /* Info.plist */ = {isa = PBXFileReference; fileEncoding = 4; lastKnownFileType = text.plist.xml; path = Info.plist; sourceTree = "<group>"; };
		E0E10DB4276FF06300D1F46C /* FirebaseCollectionReference.swift */ = {isa = PBXFileReference; lastKnownFileType = sourcecode.swift; path = FirebaseCollectionReference.swift; sourceTree = "<group>"; };
/* End PBXFileReference section */

/* Begin PBXFrameworksBuildPhase section */
		E0B9FA702754671300374579 /* Frameworks */ = {
			isa = PBXFrameworksBuildPhase;
			buildActionMask = 2147483647;
			files = (
				E6E60DB27F1D66BE1D901A2B /* Pods_Chetverochka.framework in Frameworks */,
			);
			runOnlyForDeploymentPostprocessing = 0;
		};
		E0B9FA862754674900374579 /* Frameworks */ = {
			isa = PBXFrameworksBuildPhase;
			buildActionMask = 2147483647;
			files = (
				49846BA69A9A66628F91BFB3 /* Pods_ChetverochkaTests.framework in Frameworks */,
			);
			runOnlyForDeploymentPostprocessing = 0;
		};
		E0B9FA912754674900374579 /* Frameworks */ = {
			isa = PBXFrameworksBuildPhase;
			buildActionMask = 2147483647;
			files = (
				B701345B1267CDD1B55E337E /* Pods_Chetverochka_ChetverochkaUITests.framework in Frameworks */,
			);
			runOnlyForDeploymentPostprocessing = 0;
		};
/* End PBXFrameworksBuildPhase section */

/* Begin PBXGroup section */
		66C456A85DB1ECAE5C623074 /* Pods */ = {
			isa = PBXGroup;
			children = (
				DC1F189B209E81E236C8070A /* Pods-Chetverochka.debug.xcconfig */,
				3C6893C5EAE7FC45DAE44E1D /* Pods-Chetverochka.release.xcconfig */,
				733953846287889575D505EC /* Pods-Chetverochka-ChetverochkaUITests.debug.xcconfig */,
				9E35F5819A17F0F6FAD78A23 /* Pods-Chetverochka-ChetverochkaUITests.release.xcconfig */,
				AA97EFA79AA0FCE5507E495E /* Pods-ChetverochkaTests.debug.xcconfig */,
				A2577D7B1D19B23294D961A0 /* Pods-ChetverochkaTests.release.xcconfig */,
			);
			path = Pods;
			sourceTree = "<group>";
		};
		C04C30B785B08681020E0B29 /* Frameworks */ = {
			isa = PBXGroup;
			children = (
				427C63279ABDA1A4C88868D5 /* Pods_Chetverochka.framework */,
				150BE6E486756B7ACF9472C8 /* Pods_Chetverochka_ChetverochkaUITests.framework */,
				DE8B77199BA3ED0440E705A1 /* Pods_ChetverochkaTests.framework */,
			);
			name = Frameworks;
			sourceTree = "<group>";
		};
		E085CFAF276FFEC800E81699 /* CustomCells */ = {
			isa = PBXGroup;
			children = (
				E0E10D88276FD71000D1F46C /* CategoryCollectionViewCell.swift */,
			);
			path = CustomCells;
			sourceTree = "<group>";
		};
		E085CFB0276FFEFF00E81699 /* Helpers */ = {
			isa = PBXGroup;
			children = (
				E0E10DB4276FF06300D1F46C /* FirebaseCollectionReference.swift */,
				E085CFC1277001DD00E81699 /* Constants.swift */,
			);
			path = Helpers;
			sourceTree = "<group>";
		};
		E085CFB1276FFF0900E81699 /* Main Views */ = {
			isa = PBXGroup;
			children = (
				E0E10D83276FD5EC00D1F46C /* CategoryCollectionViewController.swift */,
				E085CFC92770447B00E81699 /* ItemsTableViewController.swift */,
			);
			path = "Main Views";
			sourceTree = "<group>";
		};
		E085CFB2276FFF6800E81699 /* Model */ = {
			isa = PBXGroup;
			children = (
				E085CFB3276FFFA100E81699 /* Category.swift */,
				E085CFCE2770477400E81699 /* Item.swift */,
			);
			path = Model;
			sourceTree = "<group>";
		};
		E0B9FA6A2754671300374579 = {
			isa = PBXGroup;
			children = (
				E0B9FA752754671300374579 /* Chetverochka */,
				E0B9FA742754671300374579 /* Products */,
				66C456A85DB1ECAE5C623074 /* Pods */,
				C04C30B785B08681020E0B29 /* Frameworks */,
			);
			sourceTree = "<group>";
		};
		E0B9FA742754671300374579 /* Products */ = {
			isa = PBXGroup;
			children = (
				E0B9FA732754671300374579 /* Chetverochka.app */,
				E0B9FA892754674900374579 /* ChetverochkaTests.xctest */,
				E0B9FA942754674900374579 /* ChetverochkaUITests.xctest */,
			);
			name = Products;
			sourceTree = "<group>";
		};
		E0B9FA752754671300374579 /* Chetverochka */ = {
			isa = PBXGroup;
			children = (
				E085CFB2276FFF6800E81699 /* Model */,
				E085CFB1276FFF0900E81699 /* Main Views */,
				E085CFB0276FFEFF00E81699 /* Helpers */,
				E085CFAF276FFEC800E81699 /* CustomCells */,
				E0B9FA762754671300374579 /* AppDelegate.swift */,
				E0B9FA782754671300374579 /* SceneDelegate.swift */,
				E0B9FA7C2754671300374579 /* Main.storyboard */,
				E0B9FA7F2754674700374579 /* Assets.xcassets */,
				E0B9FA812754674700374579 /* LaunchScreen.storyboard */,
				E0E10D95276FDD9100D1F46C /* Info.plist */,
				E0E10D90276FDD7D00D1F46C /* GoogleService-Info.plist */,
			);
			path = Chetverochka;
			sourceTree = "<group>";
		};
/* End PBXGroup section */

/* Begin PBXNativeTarget section */
		E0B9FA722754671300374579 /* Chetverochka */ = {
			isa = PBXNativeTarget;
			buildConfigurationList = E0B9FA9D2754674900374579 /* Build configuration list for PBXNativeTarget "Chetverochka" */;
			buildPhases = (
				B97D6AD9F564014A908455BD /* [CP] Check Pods Manifest.lock */,
				E0B9FA6F2754671300374579 /* Sources */,
				E0B9FA702754671300374579 /* Frameworks */,
				E0B9FA712754671300374579 /* Resources */,
				06FFB014C3D701DC779ED717 /* [CP] Embed Pods Frameworks */,
			);
			buildRules = (
			);
			dependencies = (
			);
			name = Chetverochka;
			productName = Chetverochka;
			productReference = E0B9FA732754671300374579 /* Chetverochka.app */;
			productType = "com.apple.product-type.application";
		};
		E0B9FA882754674900374579 /* ChetverochkaTests */ = {
			isa = PBXNativeTarget;
			buildConfigurationList = E0B9FAA02754674900374579 /* Build configuration list for PBXNativeTarget "ChetverochkaTests" */;
			buildPhases = (
				A09B8D2D02E8291D92F115B5 /* [CP] Check Pods Manifest.lock */,
				E0B9FA852754674900374579 /* Sources */,
				E0B9FA862754674900374579 /* Frameworks */,
				E0B9FA872754674900374579 /* Resources */,
			);
			buildRules = (
			);
			dependencies = (
				E0B9FA8B2754674900374579 /* PBXTargetDependency */,
			);
			name = ChetverochkaTests;
			productName = ChetverochkaTests;
			productReference = E0B9FA892754674900374579 /* ChetverochkaTests.xctest */;
			productType = "com.apple.product-type.bundle.unit-test";
		};
		E0B9FA932754674900374579 /* ChetverochkaUITests */ = {
			isa = PBXNativeTarget;
			buildConfigurationList = E0B9FAA32754674900374579 /* Build configuration list for PBXNativeTarget "ChetverochkaUITests" */;
			buildPhases = (
				BA2C62068735866C09D354CB /* [CP] Check Pods Manifest.lock */,
				E0B9FA902754674900374579 /* Sources */,
				E0B9FA912754674900374579 /* Frameworks */,
				E0B9FA922754674900374579 /* Resources */,
				F2D24DDB95DB474AA328A40F /* [CP] Embed Pods Frameworks */,
			);
			buildRules = (
			);
			dependencies = (
				E0B9FA962754674900374579 /* PBXTargetDependency */,
			);
			name = ChetverochkaUITests;
			productName = ChetverochkaUITests;
			productReference = E0B9FA942754674900374579 /* ChetverochkaUITests.xctest */;
			productType = "com.apple.product-type.bundle.ui-testing";
		};
/* End PBXNativeTarget section */

/* Begin PBXProject section */
		E0B9FA6B2754671300374579 /* Project object */ = {
			isa = PBXProject;
			attributes = {
				LastSwiftUpdateCheck = 1240;
				LastUpgradeCheck = 1240;
				TargetAttributes = {
					E0B9FA722754671300374579 = {
						CreatedOnToolsVersion = 12.4;
					};
					E0B9FA882754674900374579 = {
						CreatedOnToolsVersion = 12.4;
						TestTargetID = E0B9FA722754671300374579;
					};
					E0B9FA932754674900374579 = {
						CreatedOnToolsVersion = 12.4;
						TestTargetID = E0B9FA722754671300374579;
					};
				};
			};
			buildConfigurationList = E0B9FA6E2754671300374579 /* Build configuration list for PBXProject "Chetverochka" */;
			compatibilityVersion = "Xcode 9.3";
			developmentRegion = en;
			hasScannedForEncodings = 0;
			knownRegions = (
				en,
				Base,
			);
			mainGroup = E0B9FA6A2754671300374579;
			productRefGroup = E0B9FA742754671300374579 /* Products */;
			projectDirPath = "";
			projectRoot = "";
			targets = (
				E0B9FA722754671300374579 /* Chetverochka */,
				E0B9FA882754674900374579 /* ChetverochkaTests */,
				E0B9FA932754674900374579 /* ChetverochkaUITests */,
			);
		};
/* End PBXProject section */

/* Begin PBXResourcesBuildPhase section */
		E0B9FA712754671300374579 /* Resources */ = {
			isa = PBXResourcesBuildPhase;
			buildActionMask = 2147483647;
			files = (
				E0B9FA832754674700374579 /* LaunchScreen.storyboard in Resources */,
				E0E10D91276FDD7D00D1F46C /* GoogleService-Info.plist in Resources */,
				E0B9FA802754674700374579 /* Assets.xcassets in Resources */,
				E0B9FA7E2754671300374579 /* Main.storyboard in Resources */,
			);
			runOnlyForDeploymentPostprocessing = 0;
		};
		E0B9FA872754674900374579 /* Resources */ = {
			isa = PBXResourcesBuildPhase;
			buildActionMask = 2147483647;
			files = (
			);
			runOnlyForDeploymentPostprocessing = 0;
		};
		E0B9FA922754674900374579 /* Resources */ = {
			isa = PBXResourcesBuildPhase;
			buildActionMask = 2147483647;
			files = (
			);
			runOnlyForDeploymentPostprocessing = 0;
		};
/* End PBXResourcesBuildPhase section */

/* Begin PBXShellScriptBuildPhase section */
		06FFB014C3D701DC779ED717 /* [CP] Embed Pods Frameworks */ = {
			isa = PBXShellScriptBuildPhase;
			buildActionMask = 2147483647;
			files = (
			);
			inputFileListPaths = (
				"${PODS_ROOT}/Target Support Files/Pods-Chetverochka/Pods-Chetverochka-frameworks-${CONFIGURATION}-input-files.xcfilelist",
			);
			name = "[CP] Embed Pods Frameworks";
			outputFileListPaths = (
				"${PODS_ROOT}/Target Support Files/Pods-Chetverochka/Pods-Chetverochka-frameworks-${CONFIGURATION}-output-files.xcfilelist",
			);
			runOnlyForDeploymentPostprocessing = 0;
			shellPath = /bin/sh;
			shellScript = "\"${PODS_ROOT}/Target Support Files/Pods-Chetverochka/Pods-Chetverochka-frameworks.sh\"\n";
			showEnvVarsInLog = 0;
		};
		A09B8D2D02E8291D92F115B5 /* [CP] Check Pods Manifest.lock */ = {
			isa = PBXShellScriptBuildPhase;
			buildActionMask = 2147483647;
			files = (
			);
			inputFileListPaths = (
			);
			inputPaths = (
				"${PODS_PODFILE_DIR_PATH}/Podfile.lock",
				"${PODS_ROOT}/Manifest.lock",
			);
			name = "[CP] Check Pods Manifest.lock";
			outputFileListPaths = (
			);
			outputPaths = (
				"$(DERIVED_FILE_DIR)/Pods-ChetverochkaTests-checkManifestLockResult.txt",
			);
			runOnlyForDeploymentPostprocessing = 0;
			shellPath = /bin/sh;
			shellScript = "diff \"${PODS_PODFILE_DIR_PATH}/Podfile.lock\" \"${PODS_ROOT}/Manifest.lock\" > /dev/null\nif [ $? != 0 ] ; then\n    # print error to STDERR\n    echo \"error: The sandbox is not in sync with the Podfile.lock. Run 'pod install' or update your CocoaPods installation.\" >&2\n    exit 1\nfi\n# This output is used by Xcode 'outputs' to avoid re-running this script phase.\necho \"SUCCESS\" > \"${SCRIPT_OUTPUT_FILE_0}\"\n";
			showEnvVarsInLog = 0;
		};
		B97D6AD9F564014A908455BD /* [CP] Check Pods Manifest.lock */ = {
			isa = PBXShellScriptBuildPhase;
			buildActionMask = 2147483647;
			files = (
			);
			inputFileListPaths = (
			);
			inputPaths = (
				"${PODS_PODFILE_DIR_PATH}/Podfile.lock",
				"${PODS_ROOT}/Manifest.lock",
			);
			name = "[CP] Check Pods Manifest.lock";
			outputFileListPaths = (
			);
			outputPaths = (
				"$(DERIVED_FILE_DIR)/Pods-Chetverochka-checkManifestLockResult.txt",
			);
			runOnlyForDeploymentPostprocessing = 0;
			shellPath = /bin/sh;
			shellScript = "diff \"${PODS_PODFILE_DIR_PATH}/Podfile.lock\" \"${PODS_ROOT}/Manifest.lock\" > /dev/null\nif [ $? != 0 ] ; then\n    # print error to STDERR\n    echo \"error: The sandbox is not in sync with the Podfile.lock. Run 'pod install' or update your CocoaPods installation.\" >&2\n    exit 1\nfi\n# This output is used by Xcode 'outputs' to avoid re-running this script phase.\necho \"SUCCESS\" > \"${SCRIPT_OUTPUT_FILE_0}\"\n";
			showEnvVarsInLog = 0;
		};
		BA2C62068735866C09D354CB /* [CP] Check Pods Manifest.lock */ = {
			isa = PBXShellScriptBuildPhase;
			buildActionMask = 2147483647;
			files = (
			);
			inputFileListPaths = (
			);
			inputPaths = (
				"${PODS_PODFILE_DIR_PATH}/Podfile.lock",
				"${PODS_ROOT}/Manifest.lock",
			);
			name = "[CP] Check Pods Manifest.lock";
			outputFileListPaths = (
			);
			outputPaths = (
				"$(DERIVED_FILE_DIR)/Pods-Chetverochka-ChetverochkaUITests-checkManifestLockResult.txt",
			);
			runOnlyForDeploymentPostprocessing = 0;
			shellPath = /bin/sh;
			shellScript = "diff \"${PODS_PODFILE_DIR_PATH}/Podfile.lock\" \"${PODS_ROOT}/Manifest.lock\" > /dev/null\nif [ $? != 0 ] ; then\n    # print error to STDERR\n    echo \"error: The sandbox is not in sync with the Podfile.lock. Run 'pod install' or update your CocoaPods installation.\" >&2\n    exit 1\nfi\n# This output is used by Xcode 'outputs' to avoid re-running this script phase.\necho \"SUCCESS\" > \"${SCRIPT_OUTPUT_FILE_0}\"\n";
			showEnvVarsInLog = 0;
		};
		F2D24DDB95DB474AA328A40F /* [CP] Embed Pods Frameworks */ = {
			isa = PBXShellScriptBuildPhase;
			buildActionMask = 2147483647;
			files = (
			);
			inputFileListPaths = (
				"${PODS_ROOT}/Target Support Files/Pods-Chetverochka-ChetverochkaUITests/Pods-Chetverochka-ChetverochkaUITests-frameworks-${CONFIGURATION}-input-files.xcfilelist",
			);
			name = "[CP] Embed Pods Frameworks";
			outputFileListPaths = (
				"${PODS_ROOT}/Target Support Files/Pods-Chetverochka-ChetverochkaUITests/Pods-Chetverochka-ChetverochkaUITests-frameworks-${CONFIGURATION}-output-files.xcfilelist",
			);
			runOnlyForDeploymentPostprocessing = 0;
			shellPath = /bin/sh;
			shellScript = "\"${PODS_ROOT}/Target Support Files/Pods-Chetverochka-ChetverochkaUITests/Pods-Chetverochka-ChetverochkaUITests-frameworks.sh\"\n";
			showEnvVarsInLog = 0;
		};
/* End PBXShellScriptBuildPhase section */

/* Begin PBXSourcesBuildPhase section */
		E0B9FA6F2754671300374579 /* Sources */ = {
			isa = PBXSourcesBuildPhase;
			buildActionMask = 2147483647;
			files = (
				E0E10D89276FD71000D1F46C /* CategoryCollectionViewCell.swift in Sources */,
				E085CFCF2770477400E81699 /* Item.swift in Sources */,
				E0B9FA772754671300374579 /* AppDelegate.swift in Sources */,
				E085CFCA2770447B00E81699 /* ItemsTableViewController.swift in Sources */,
				E0E10DB5276FF06300D1F46C /* FirebaseCollectionReference.swift in Sources */,
				E0B9FA792754671300374579 /* SceneDelegate.swift in Sources */,
				E085CFC2277001DD00E81699 /* Constants.swift in Sources */,
				E0E10D84276FD5EC00D1F46C /* CategoryCollectionViewController.swift in Sources */,
				E085CFB4276FFFA200E81699 /* Category.swift in Sources */,
			);
			runOnlyForDeploymentPostprocessing = 0;
		};
		E0B9FA852754674900374579 /* Sources */ = {
			isa = PBXSourcesBuildPhase;
			buildActionMask = 2147483647;
			files = (
			);
			runOnlyForDeploymentPostprocessing = 0;
		};
		E0B9FA902754674900374579 /* Sources */ = {
			isa = PBXSourcesBuildPhase;
			buildActionMask = 2147483647;
			files = (
			);
			runOnlyForDeploymentPostprocessing = 0;
		};
/* End PBXSourcesBuildPhase section */

/* Begin PBXTargetDependency section */
		E0B9FA8B2754674900374579 /* PBXTargetDependency */ = {
			isa = PBXTargetDependency;
			target = E0B9FA722754671300374579 /* Chetverochka */;
			targetProxy = E0B9FA8A2754674900374579 /* PBXContainerItemProxy */;
		};
		E0B9FA962754674900374579 /* PBXTargetDependency */ = {
			isa = PBXTargetDependency;
			target = E0B9FA722754671300374579 /* Chetverochka */;
			targetProxy = E0B9FA952754674900374579 /* PBXContainerItemProxy */;
		};
/* End PBXTargetDependency section */

/* Begin PBXVariantGroup section */
		E0B9FA7C2754671300374579 /* Main.storyboard */ = {
			isa = PBXVariantGroup;
			children = (
				E0B9FA7D2754671300374579 /* Base */,
			);
			name = Main.storyboard;
			sourceTree = "<group>";
		};
		E0B9FA812754674700374579 /* LaunchScreen.storyboard */ = {
			isa = PBXVariantGroup;
			children = (
				E0B9FA822754674700374579 /* Base */,
			);
			name = LaunchScreen.storyboard;
			sourceTree = "<group>";
		};
/* End PBXVariantGroup section */

/* Begin XCBuildConfiguration section */
		E0B9FA9B2754674900374579 /* Debug */ = {
			isa = XCBuildConfiguration;
			buildSettings = {
				ALWAYS_SEARCH_USER_PATHS = NO;
				CLANG_ANALYZER_NONNULL = YES;
				CLANG_ANALYZER_NUMBER_OBJECT_CONVERSION = YES_AGGRESSIVE;
				CLANG_CXX_LANGUAGE_STANDARD = "gnu++14";
				CLANG_CXX_LIBRARY = "libc++";
				CLANG_ENABLE_MODULES = YES;
				CLANG_ENABLE_OBJC_ARC = YES;
				CLANG_ENABLE_OBJC_WEAK = YES;
				CLANG_WARN_BLOCK_CAPTURE_AUTORELEASING = YES;
				CLANG_WARN_BOOL_CONVERSION = YES;
				CLANG_WARN_COMMA = YES;
				CLANG_WARN_CONSTANT_CONVERSION = YES;
				CLANG_WARN_DEPRECATED_OBJC_IMPLEMENTATIONS = YES;
				CLANG_WARN_DIRECT_OBJC_ISA_USAGE = YES_ERROR;
				CLANG_WARN_DOCUMENTATION_COMMENTS = YES;
				CLANG_WARN_EMPTY_BODY = YES;
				CLANG_WARN_ENUM_CONVERSION = YES;
				CLANG_WARN_INFINITE_RECURSION = YES;
				CLANG_WARN_INT_CONVERSION = YES;
				CLANG_WARN_NON_LITERAL_NULL_CONVERSION = YES;
				CLANG_WARN_OBJC_IMPLICIT_RETAIN_SELF = YES;
				CLANG_WARN_OBJC_LITERAL_CONVERSION = YES;
				CLANG_WARN_OBJC_ROOT_CLASS = YES_ERROR;
				CLANG_WARN_QUOTED_INCLUDE_IN_FRAMEWORK_HEADER = YES;
				CLANG_WARN_RANGE_LOOP_ANALYSIS = YES;
				CLANG_WARN_STRICT_PROTOTYPES = YES;
				CLANG_WARN_SUSPICIOUS_MOVE = YES;
				CLANG_WARN_UNGUARDED_AVAILABILITY = YES_AGGRESSIVE;
				CLANG_WARN_UNREACHABLE_CODE = YES;
				CLANG_WARN__DUPLICATE_METHOD_MATCH = YES;
				COPY_PHASE_STRIP = NO;
				DEBUG_INFORMATION_FORMAT = dwarf;
				ENABLE_STRICT_OBJC_MSGSEND = YES;
				ENABLE_TESTABILITY = YES;
				GCC_C_LANGUAGE_STANDARD = gnu11;
				GCC_DYNAMIC_NO_PIC = NO;
				GCC_NO_COMMON_BLOCKS = YES;
				GCC_OPTIMIZATION_LEVEL = 0;
				GCC_PREPROCESSOR_DEFINITIONS = (
					"DEBUG=1",
					"$(inherited)",
				);
				GCC_WARN_64_TO_32_BIT_CONVERSION = YES;
				GCC_WARN_ABOUT_RETURN_TYPE = YES_ERROR;
				GCC_WARN_UNDECLARED_SELECTOR = YES;
				GCC_WARN_UNINITIALIZED_AUTOS = YES_AGGRESSIVE;
				GCC_WARN_UNUSED_FUNCTION = YES;
				GCC_WARN_UNUSED_VARIABLE = YES;
				IPHONEOS_DEPLOYMENT_TARGET = 14.4;
				MTL_ENABLE_DEBUG_INFO = INCLUDE_SOURCE;
				MTL_FAST_MATH = YES;
				ONLY_ACTIVE_ARCH = YES;
				SDKROOT = iphoneos;
				SWIFT_ACTIVE_COMPILATION_CONDITIONS = DEBUG;
				SWIFT_OPTIMIZATION_LEVEL = "-Onone";
			};
			name = Debug;
		};
		E0B9FA9C2754674900374579 /* Release */ = {
			isa = XCBuildConfiguration;
			buildSettings = {
				ALWAYS_SEARCH_USER_PATHS = NO;
				CLANG_ANALYZER_NONNULL = YES;
				CLANG_ANALYZER_NUMBER_OBJECT_CONVERSION = YES_AGGRESSIVE;
				CLANG_CXX_LANGUAGE_STANDARD = "gnu++14";
				CLANG_CXX_LIBRARY = "libc++";
				CLANG_ENABLE_MODULES = YES;
				CLANG_ENABLE_OBJC_ARC = YES;
				CLANG_ENABLE_OBJC_WEAK = YES;
				CLANG_WARN_BLOCK_CAPTURE_AUTORELEASING = YES;
				CLANG_WARN_BOOL_CONVERSION = YES;
				CLANG_WARN_COMMA = YES;
				CLANG_WARN_CONSTANT_CONVERSION = YES;
				CLANG_WARN_DEPRECATED_OBJC_IMPLEMENTATIONS = YES;
				CLANG_WARN_DIRECT_OBJC_ISA_USAGE = YES_ERROR;
				CLANG_WARN_DOCUMENTATION_COMMENTS = YES;
				CLANG_WARN_EMPTY_BODY = YES;
				CLANG_WARN_ENUM_CONVERSION = YES;
				CLANG_WARN_INFINITE_RECURSION = YES;
				CLANG_WARN_INT_CONVERSION = YES;
				CLANG_WARN_NON_LITERAL_NULL_CONVERSION = YES;
				CLANG_WARN_OBJC_IMPLICIT_RETAIN_SELF = YES;
				CLANG_WARN_OBJC_LITERAL_CONVERSION = YES;
				CLANG_WARN_OBJC_ROOT_CLASS = YES_ERROR;
				CLANG_WARN_QUOTED_INCLUDE_IN_FRAMEWORK_HEADER = YES;
				CLANG_WARN_RANGE_LOOP_ANALYSIS = YES;
				CLANG_WARN_STRICT_PROTOTYPES = YES;
				CLANG_WARN_SUSPICIOUS_MOVE = YES;
				CLANG_WARN_UNGUARDED_AVAILABILITY = YES_AGGRESSIVE;
				CLANG_WARN_UNREACHABLE_CODE = YES;
				CLANG_WARN__DUPLICATE_METHOD_MATCH = YES;
				COPY_PHASE_STRIP = NO;
				DEBUG_INFORMATION_FORMAT = "dwarf-with-dsym";
				ENABLE_NS_ASSERTIONS = NO;
				ENABLE_STRICT_OBJC_MSGSEND = YES;
				GCC_C_LANGUAGE_STANDARD = gnu11;
				GCC_NO_COMMON_BLOCKS = YES;
				GCC_WARN_64_TO_32_BIT_CONVERSION = YES;
				GCC_WARN_ABOUT_RETURN_TYPE = YES_ERROR;
				GCC_WARN_UNDECLARED_SELECTOR = YES;
				GCC_WARN_UNINITIALIZED_AUTOS = YES_AGGRESSIVE;
				GCC_WARN_UNUSED_FUNCTION = YES;
				GCC_WARN_UNUSED_VARIABLE = YES;
				IPHONEOS_DEPLOYMENT_TARGET = 14.4;
				MTL_ENABLE_DEBUG_INFO = NO;
				MTL_FAST_MATH = YES;
				SDKROOT = iphoneos;
				SWIFT_COMPILATION_MODE = wholemodule;
				SWIFT_OPTIMIZATION_LEVEL = "-O";
				VALIDATE_PRODUCT = YES;
			};
			name = Release;
		};
		E0B9FA9E2754674900374579 /* Debug */ = {
			isa = XCBuildConfiguration;
			baseConfigurationReference = DC1F189B209E81E236C8070A /* Pods-Chetverochka.debug.xcconfig */;
			buildSettings = {
				ASSETCATALOG_COMPILER_APPICON_NAME = AppIcon;
				ASSETCATALOG_COMPILER_GLOBAL_ACCENT_COLOR_NAME = AccentColor;
				CODE_SIGN_STYLE = Automatic;
				INFOPLIST_FILE = Chetverochka/Info.plist;
				LD_RUNPATH_SEARCH_PATHS = (
					"$(inherited)",
					"@executable_path/Frameworks",
				);
				PRODUCT_BUNDLE_IDENTIFIER = AndreySkvortsov.Chetverochka;
				PRODUCT_NAME = "$(TARGET_NAME)";
				SWIFT_VERSION = 5.0;
				TARGETED_DEVICE_FAMILY = "1,2";
			};
			name = Debug;
		};
		E0B9FA9F2754674900374579 /* Release */ = {
			isa = XCBuildConfiguration;
			baseConfigurationReference = 3C6893C5EAE7FC45DAE44E1D /* Pods-Chetverochka.release.xcconfig */;
			buildSettings = {
				ASSETCATALOG_COMPILER_APPICON_NAME = AppIcon;
				ASSETCATALOG_COMPILER_GLOBAL_ACCENT_COLOR_NAME = AccentColor;
				CODE_SIGN_STYLE = Automatic;
				INFOPLIST_FILE = Chetverochka/Info.plist;
				LD_RUNPATH_SEARCH_PATHS = (
					"$(inherited)",
					"@executable_path/Frameworks",
				);
				PRODUCT_BUNDLE_IDENTIFIER = AndreySkvortsov.Chetverochka;
				PRODUCT_NAME = "$(TARGET_NAME)";
				SWIFT_VERSION = 5.0;
				TARGETED_DEVICE_FAMILY = "1,2";
			};
			name = Release;
		};
		E0B9FAA12754674900374579 /* Debug */ = {
			isa = XCBuildConfiguration;
			baseConfigurationReference = AA97EFA79AA0FCE5507E495E /* Pods-ChetverochkaTests.debug.xcconfig */;
			buildSettings = {
				ALWAYS_EMBED_SWIFT_STANDARD_LIBRARIES = YES;
				BUNDLE_LOADER = "$(TEST_HOST)";
				CODE_SIGN_STYLE = Automatic;
				INFOPLIST_FILE = ChetverochkaTests/Info.plist;
				IPHONEOS_DEPLOYMENT_TARGET = 14.4;
				LD_RUNPATH_SEARCH_PATHS = (
					"$(inherited)",
					"@executable_path/Frameworks",
					"@loader_path/Frameworks",
				);
				PRODUCT_BUNDLE_IDENTIFIER = AndreySkvortsov.ChetverochkaTests;
				PRODUCT_NAME = "$(TARGET_NAME)";
				SWIFT_VERSION = 5.0;
				TARGETED_DEVICE_FAMILY = "1,2";
				TEST_HOST = "$(BUILT_PRODUCTS_DIR)/Chetverochka.app/Chetverochka";
			};
			name = Debug;
		};
		E0B9FAA22754674900374579 /* Release */ = {
			isa = XCBuildConfiguration;
			baseConfigurationReference = A2577D7B1D19B23294D961A0 /* Pods-ChetverochkaTests.release.xcconfig */;
			buildSettings = {
				ALWAYS_EMBED_SWIFT_STANDARD_LIBRARIES = YES;
				BUNDLE_LOADER = "$(TEST_HOST)";
				CODE_SIGN_STYLE = Automatic;
				INFOPLIST_FILE = ChetverochkaTests/Info.plist;
				IPHONEOS_DEPLOYMENT_TARGET = 14.4;
				LD_RUNPATH_SEARCH_PATHS = (
					"$(inherited)",
					"@executable_path/Frameworks",
					"@loader_path/Frameworks",
				);
				PRODUCT_BUNDLE_IDENTIFIER = AndreySkvortsov.ChetverochkaTests;
				PRODUCT_NAME = "$(TARGET_NAME)";
				SWIFT_VERSION = 5.0;
				TARGETED_DEVICE_FAMILY = "1,2";
				TEST_HOST = "$(BUILT_PRODUCTS_DIR)/Chetverochka.app/Chetverochka";
			};
			name = Release;
		};
		E0B9FAA42754674900374579 /* Debug */ = {
			isa = XCBuildConfiguration;
			baseConfigurationReference = 733953846287889575D505EC /* Pods-Chetverochka-ChetverochkaUITests.debug.xcconfig */;
			buildSettings = {
				ALWAYS_EMBED_SWIFT_STANDARD_LIBRARIES = YES;
				CODE_SIGN_STYLE = Automatic;
				INFOPLIST_FILE = ChetverochkaUITests/Info.plist;
				LD_RUNPATH_SEARCH_PATHS = (
					"$(inherited)",
					"@executable_path/Frameworks",
					"@loader_path/Frameworks",
				);
				PRODUCT_BUNDLE_IDENTIFIER = AndreySkvortsov.ChetverochkaUITests;
				PRODUCT_NAME = "$(TARGET_NAME)";
				SWIFT_VERSION = 5.0;
				TARGETED_DEVICE_FAMILY = "1,2";
				TEST_TARGET_NAME = Chetverochka;
			};
			name = Debug;
		};
		E0B9FAA52754674900374579 /* Release */ = {
			isa = XCBuildConfiguration;
			baseConfigurationReference = 9E35F5819A17F0F6FAD78A23 /* Pods-Chetverochka-ChetverochkaUITests.release.xcconfig */;
			buildSettings = {
				ALWAYS_EMBED_SWIFT_STANDARD_LIBRARIES = YES;
				CODE_SIGN_STYLE = Automatic;
				INFOPLIST_FILE = ChetverochkaUITests/Info.plist;
				LD_RUNPATH_SEARCH_PATHS = (
					"$(inherited)",
					"@executable_path/Frameworks",
					"@loader_path/Frameworks",
				);
				PRODUCT_BUNDLE_IDENTIFIER = AndreySkvortsov.ChetverochkaUITests;
				PRODUCT_NAME = "$(TARGET_NAME)";
				SWIFT_VERSION = 5.0;
				TARGETED_DEVICE_FAMILY = "1,2";
				TEST_TARGET_NAME = Chetverochka;
			};
			name = Release;
		};
/* End XCBuildConfiguration section */

/* Begin XCConfigurationList section */
		E0B9FA6E2754671300374579 /* Build configuration list for PBXProject "Chetverochka" */ = {
			isa = XCConfigurationList;
			buildConfigurations = (
				E0B9FA9B2754674900374579 /* Debug */,
				E0B9FA9C2754674900374579 /* Release */,
			);
			defaultConfigurationIsVisible = 0;
			defaultConfigurationName = Release;
		};
		E0B9FA9D2754674900374579 /* Build configuration list for PBXNativeTarget "Chetverochka" */ = {
			isa = XCConfigurationList;
			buildConfigurations = (
				E0B9FA9E2754674900374579 /* Debug */,
				E0B9FA9F2754674900374579 /* Release */,
			);
			defaultConfigurationIsVisible = 0;
			defaultConfigurationName = Release;
		};
		E0B9FAA02754674900374579 /* Build configuration list for PBXNativeTarget "ChetverochkaTests" */ = {
			isa = XCConfigurationList;
			buildConfigurations = (
				E0B9FAA12754674900374579 /* Debug */,
				E0B9FAA22754674900374579 /* Release */,
			);
			defaultConfigurationIsVisible = 0;
			defaultConfigurationName = Release;
		};
		E0B9FAA32754674900374579 /* Build configuration list for PBXNativeTarget "ChetverochkaUITests" */ = {
			isa = XCConfigurationList;
			buildConfigurations = (
				E0B9FAA42754674900374579 /* Debug */,
				E0B9FAA52754674900374579 /* Release */,
			);
			defaultConfigurationIsVisible = 0;
			defaultConfigurationName = Release;
		};
/* End XCConfigurationList section */
	};
	rootObject = E0B9FA6B2754671300374579 /* Project object */;
}
